{
  "version": 4,
  "terraform_version": "1.9.6",
  "serial": 27,
  "lineage": "015d45cc-0871-3436-b6f8-03cccb57912a",
  "outputs": {
    "backend_nodes": {
      "value": [
        "147.228.173.181",
        "147.228.173.114",
        "147.228.173.103"
      ],
      "type": [
        "tuple",
        [
          "string",
          "string",
          "string"
        ]
      ]
    },
    "load-balancer": {
      "value": [
        "147.228.173.182"
      ],
      "type": [
        "tuple",
        [
          "string"
        ]
      ]
    }
  },
  "resources": [
    {
      "mode": "managed",
      "type": "local_file",
      "name": "hosts_cfg",
      "provider": "provider[\"registry.terraform.io/hashicorp/local\"]",
      "instances": [
        {
          "schema_version": 0,
          "attributes": {
            "content": "[load-balancer]\n147.228.173.182\n\n[backend]\n147.228.173.181\n147.228.173.114\n147.228.173.103\n\n[all:vars]\nansible_user=root",
            "content_base64": null,
            "content_base64sha256": "8Qe5t76wl9+iLPsyIxBd7/i1uibhN+VnS7zMFcpvJ4E=",
            "content_base64sha512": "1R9QP8FxZPI2ZlR6TOi7JYgli2KQStlCGCTrm30dmU4yuoCcFWKxtY6FJm4dPIrntITiG0sf0qJC6M5L4ICWgw==",
            "content_md5": "0abdb08478dd39312411803df43e67ef",
            "content_sha1": "02636520846f42d009b3dcdb1fb9465b664eb12a",
            "content_sha256": "f107b9b7beb097dfa22cfb3223105deff8b5ba26e137e5674bbccc15ca6f2781",
            "content_sha512": "d51f503fc17164f23666547a4ce8bb2588258b62904ad9421824eb9b7d1d994e32ba809c1562b1b58e85266e1d3c8ae7b484e21b4b1fd2a242e8ce4be0809683",
            "directory_permission": "0777",
            "file_permission": "0777",
            "filename": "./dynamic_inventories/cluster",
            "id": "02636520846f42d009b3dcdb1fb9465b664eb12a",
            "sensitive_content": null,
            "source": null
          },
          "sensitive_attributes": [
            [
              {
                "type": "get_attr",
                "value": "sensitive_content"
              }
            ]
          ],
          "dependencies": [
            "opennebula_virtual_machine.backend-node",
            "opennebula_virtual_machine.load-balancer"
          ]
        }
      ]
    },
    {
      "mode": "managed",
      "type": "local_file",
      "name": "nginx_cfg",
      "provider": "provider[\"registry.terraform.io/hashicorp/local\"]",
      "instances": [
        {
          "schema_version": 0,
          "attributes": {
            "content": "events {}\nhttp {\n    upstream backends {\n                server 147.228.173.181:5000;\n                server 147.228.173.114:5000;\n                server 147.228.173.103:5000;\n            }\n\n    server {\n        listen 80;\n\n        location / {\n            proxy_pass http://backends;\n        }\n    }\n}",
            "content_base64": null,
            "content_base64sha256": "c3ZG6HwqRgHVDHutyoCoOnJeFNwvTrgCdYv9dQxwuto=",
            "content_base64sha512": "k2bpi9xn5wislzp1EvapdN+dG0TiUYwZHsc/Y9LUFeMEHB+oIqEcNgYTYBWEdcOAKwuvixLGhvWV9JyDrF2vNA==",
            "content_md5": "42cd55d916d5de5e6a8e3cbaad578ec1",
            "content_sha1": "29f353795181631cc0eca31f38d26c6b946cbee7",
            "content_sha256": "737646e87c2a4601d50c7badca80a83a725e14dc2f4eb802758bfd750c70bada",
            "content_sha512": "9366e98bdc67e708ac973a7512f6a974df9d1b44e2518c191ec73f63d2d415e3041c1fa822a11c36061360158475c3802b0baf8b12c686f595f49c83ac5daf34",
            "directory_permission": "0777",
            "file_permission": "0777",
            "filename": "./ansible/roles/load-balancer/files/nginx.conf",
            "id": "29f353795181631cc0eca31f38d26c6b946cbee7",
            "sensitive_content": null,
            "source": null
          },
          "sensitive_attributes": [
            [
              {
                "type": "get_attr",
                "value": "sensitive_content"
              }
            ]
          ],
          "dependencies": [
            "opennebula_virtual_machine.backend-node"
          ]
        }
      ]
    },
    {
      "mode": "managed",
      "type": "opennebula_virtual_machine",
      "name": "backend-node",
      "provider": "provider[\"registry.terraform.io/opennebula/opennebula\"]",
      "instances": [
        {
          "index_key": 0,
          "schema_version": 0,
          "attributes": {
            "context": {
              "HOSTNAME": "$NAME",
              "NETWORK": "YES",
              "SSH_PUBLIC_KEY": "ecdsa-sha2-nistp521 AAAAE2VjZHNhLXNoYTItbmlzdHA1MjEAAAAIbmlzdHA1MjEAAACFBAFQSR2sa7zV8Y7FnAff7GcOX2pSKUbhtmUmlQYB6FBEvktrtrsO9Hl/cNKabWaoVo9QAKbw0yQYy/PUkPGq6/k22ABRDMu5Y7Y03MQxAmeNhGrZNG/sjlHtkuKV1Dc5s/wqmmIu75ybJG6AHrEBiNsbG+Id4IkFUQAyknhR2aTIfS+sgg== root@7d2d95265a24"
            },
            "cpu": 1,
            "cpumodel": [],
            "default_tags": {},
            "description": "Backend node VM #1",
            "disk": [
              {
                "cache": "",
                "computed_cache": "",
                "computed_dev_prefix": "sd",
                "computed_discard": "",
                "computed_driver": "raw",
                "computed_io": "",
                "computed_size": 12000,
                "computed_target": "vda",
                "computed_volatile_format": "raw",
                "dev_prefix": "",
                "discard": "",
                "disk_id": 0,
                "driver": "",
                "image_id": 687,
                "io": "",
                "size": 12000,
                "target": "vda",
                "volatile_format": "",
                "volatile_type": ""
              }
            ],
            "gid": 1,
            "gname": "users",
            "graphics": [
              {
                "keymap": "en-us",
                "listen": "0.0.0.0",
                "passwd": "",
                "port": "11042",
                "random_passwd": false,
                "type": "vnc"
              }
            ],
            "group": "users",
            "hard_shutdown": false,
            "id": "5142",
            "ip": "147.228.173.181",
            "keep_nic_order": null,
            "lcmstate": 12,
            "lock": null,
            "memory": 2048,
            "name": "backend-node-1",
            "nic": [
              {
                "computed_dns": "147.228.3.3",
                "computed_gateway": "147.228.173.1",
                "computed_ip": "147.228.173.181",
                "computed_mac": "52:54:00:17:30:b5",
                "computed_method": "",
                "computed_model": "",
                "computed_physical_device": "bond1",
                "computed_security_groups": [],
                "computed_virtio_queues": "",
                "dns": "",
                "gateway": "",
                "ip": "",
                "mac": "",
                "method": "",
                "model": "",
                "network": "vlan173",
                "network_id": 3,
                "network_mode_auto": false,
                "nic_id": 0,
                "physical_device": "",
                "sched_rank": "",
                "sched_requirements": "",
                "security_groups": [],
                "virtio_queues": ""
              }
            ],
            "on_disk_change": "swap",
            "os": [
              {
                "arch": "x86_64",
                "boot": "disk0"
              }
            ],
            "pending": false,
            "permissions": "600",
            "raw": [],
            "sched_ds_requirements": "",
            "sched_requirements": "",
            "state": 3,
            "tags": {
              "role": "backend"
            },
            "tags_all": {
              "role": "backend"
            },
            "template_disk": [],
            "template_id": -1,
            "template_nic": [],
            "template_section": [],
            "template_section_names": {},
            "template_tags": {},
            "timeout": 20,
            "timeouts": null,
            "uid": 418,
            "uname": "rosa",
            "vcpu": 1,
            "vmgroup": []
          },
          "sensitive_attributes": [],
          "private": "eyJlMmJmYjczMC1lY2FhLTExZTYtOGY4OC0zNDM2M2JjN2M0YzAiOnsiY3JlYXRlIjoxMjAwMDAwMDAwMDAwLCJkZWxldGUiOjEyMDAwMDAwMDAwMDAsInVwZGF0ZSI6MTIwMDAwMDAwMDAwMH19"
        },
        {
          "index_key": 1,
          "schema_version": 0,
          "attributes": {
            "context": {
              "HOSTNAME": "$NAME",
              "NETWORK": "YES",
              "SSH_PUBLIC_KEY": "ecdsa-sha2-nistp521 AAAAE2VjZHNhLXNoYTItbmlzdHA1MjEAAAAIbmlzdHA1MjEAAACFBAFQSR2sa7zV8Y7FnAff7GcOX2pSKUbhtmUmlQYB6FBEvktrtrsO9Hl/cNKabWaoVo9QAKbw0yQYy/PUkPGq6/k22ABRDMu5Y7Y03MQxAmeNhGrZNG/sjlHtkuKV1Dc5s/wqmmIu75ybJG6AHrEBiNsbG+Id4IkFUQAyknhR2aTIfS+sgg== root@7d2d95265a24"
            },
            "cpu": 1,
            "cpumodel": [],
            "default_tags": {},
            "description": "Backend node VM #2",
            "disk": [
              {
                "cache": "",
                "computed_cache": "",
                "computed_dev_prefix": "sd",
                "computed_discard": "",
                "computed_driver": "raw",
                "computed_io": "",
                "computed_size": 12000,
                "computed_target": "vda",
                "computed_volatile_format": "raw",
                "dev_prefix": "",
                "discard": "",
                "disk_id": 0,
                "driver": "",
                "image_id": 687,
                "io": "",
                "size": 12000,
                "target": "vda",
                "volatile_format": "",
                "volatile_type": ""
              }
            ],
            "gid": 1,
            "gname": "users",
            "graphics": [
              {
                "keymap": "en-us",
                "listen": "0.0.0.0",
                "passwd": "",
                "port": "11041",
                "random_passwd": false,
                "type": "vnc"
              }
            ],
            "group": "users",
            "hard_shutdown": false,
            "id": "5141",
            "ip": "147.228.173.114",
            "keep_nic_order": null,
            "lcmstate": 12,
            "lock": null,
            "memory": 2048,
            "name": "backend-node-2",
            "nic": [
              {
                "computed_dns": "147.228.3.3",
                "computed_gateway": "147.228.173.1",
                "computed_ip": "147.228.173.114",
                "computed_mac": "52:54:00:17:30:72",
                "computed_method": "",
                "computed_model": "",
                "computed_physical_device": "bond1",
                "computed_security_groups": [],
                "computed_virtio_queues": "",
                "dns": "",
                "gateway": "",
                "ip": "",
                "mac": "",
                "method": "",
                "model": "",
                "network": "vlan173",
                "network_id": 3,
                "network_mode_auto": false,
                "nic_id": 0,
                "physical_device": "",
                "sched_rank": "",
                "sched_requirements": "",
                "security_groups": [],
                "virtio_queues": ""
              }
            ],
            "on_disk_change": "swap",
            "os": [
              {
                "arch": "x86_64",
                "boot": "disk0"
              }
            ],
            "pending": false,
            "permissions": "600",
            "raw": [],
            "sched_ds_requirements": "",
            "sched_requirements": "",
            "state": 3,
            "tags": {
              "role": "backend"
            },
            "tags_all": {
              "role": "backend"
            },
            "template_disk": [],
            "template_id": -1,
            "template_nic": [],
            "template_section": [],
            "template_section_names": {},
            "template_tags": {},
            "timeout": 20,
            "timeouts": null,
            "uid": 418,
            "uname": "rosa",
            "vcpu": 1,
            "vmgroup": []
          },
          "sensitive_attributes": [],
          "private": "eyJlMmJmYjczMC1lY2FhLTExZTYtOGY4OC0zNDM2M2JjN2M0YzAiOnsiY3JlYXRlIjoxMjAwMDAwMDAwMDAwLCJkZWxldGUiOjEyMDAwMDAwMDAwMDAsInVwZGF0ZSI6MTIwMDAwMDAwMDAwMH19"
        },
        {
          "index_key": 2,
          "schema_version": 0,
          "attributes": {
            "context": {
              "HOSTNAME": "$NAME",
              "NETWORK": "YES",
              "SSH_PUBLIC_KEY": "ecdsa-sha2-nistp521 AAAAE2VjZHNhLXNoYTItbmlzdHA1MjEAAAAIbmlzdHA1MjEAAACFBAFQSR2sa7zV8Y7FnAff7GcOX2pSKUbhtmUmlQYB6FBEvktrtrsO9Hl/cNKabWaoVo9QAKbw0yQYy/PUkPGq6/k22ABRDMu5Y7Y03MQxAmeNhGrZNG/sjlHtkuKV1Dc5s/wqmmIu75ybJG6AHrEBiNsbG+Id4IkFUQAyknhR2aTIfS+sgg== root@7d2d95265a24"
            },
            "cpu": 1,
            "cpumodel": [],
            "default_tags": {},
            "description": "Backend node VM #3",
            "disk": [
              {
                "cache": "",
                "computed_cache": "",
                "computed_dev_prefix": "sd",
                "computed_discard": "",
                "computed_driver": "raw",
                "computed_io": "",
                "computed_size": 12000,
                "computed_target": "vda",
                "computed_volatile_format": "raw",
                "dev_prefix": "",
                "discard": "",
                "disk_id": 0,
                "driver": "",
                "image_id": 687,
                "io": "",
                "size": 12000,
                "target": "vda",
                "volatile_format": "",
                "volatile_type": ""
              }
            ],
            "gid": 1,
            "gname": "users",
            "graphics": [
              {
                "keymap": "en-us",
                "listen": "0.0.0.0",
                "passwd": "",
                "port": "11040",
                "random_passwd": false,
                "type": "vnc"
              }
            ],
            "group": "users",
            "hard_shutdown": false,
            "id": "5140",
            "ip": "147.228.173.103",
            "keep_nic_order": null,
            "lcmstate": 12,
            "lock": null,
            "memory": 2048,
            "name": "backend-node-3",
            "nic": [
              {
                "computed_dns": "147.228.3.3",
                "computed_gateway": "147.228.173.1",
                "computed_ip": "147.228.173.103",
                "computed_mac": "52:54:00:17:30:67",
                "computed_method": "",
                "computed_model": "",
                "computed_physical_device": "bond1",
                "computed_security_groups": [],
                "computed_virtio_queues": "",
                "dns": "",
                "gateway": "",
                "ip": "",
                "mac": "",
                "method": "",
                "model": "",
                "network": "vlan173",
                "network_id": 3,
                "network_mode_auto": false,
                "nic_id": 0,
                "physical_device": "",
                "sched_rank": "",
                "sched_requirements": "",
                "security_groups": [],
                "virtio_queues": ""
              }
            ],
            "on_disk_change": "swap",
            "os": [
              {
                "arch": "x86_64",
                "boot": "disk0"
              }
            ],
            "pending": false,
            "permissions": "600",
            "raw": [],
            "sched_ds_requirements": "",
            "sched_requirements": "",
            "state": 3,
            "tags": {
              "role": "backend"
            },
            "tags_all": {
              "role": "backend"
            },
            "template_disk": [],
            "template_id": -1,
            "template_nic": [],
            "template_section": [],
            "template_section_names": {},
            "template_tags": {},
            "timeout": 20,
            "timeouts": null,
            "uid": 418,
            "uname": "rosa",
            "vcpu": 1,
            "vmgroup": []
          },
          "sensitive_attributes": [],
          "private": "eyJlMmJmYjczMC1lY2FhLTExZTYtOGY4OC0zNDM2M2JjN2M0YzAiOnsiY3JlYXRlIjoxMjAwMDAwMDAwMDAwLCJkZWxldGUiOjEyMDAwMDAwMDAwMDAsInVwZGF0ZSI6MTIwMDAwMDAwMDAwMH19"
        }
      ]
    },
    {
      "mode": "managed",
      "type": "opennebula_virtual_machine",
      "name": "load-balancer",
      "provider": "provider[\"registry.terraform.io/opennebula/opennebula\"]",
      "instances": [
        {
          "schema_version": 0,
          "attributes": {
            "context": {
              "HOSTNAME": "$NAME",
              "NETWORK": "YES",
              "SSH_PUBLIC_KEY": "ecdsa-sha2-nistp521 AAAAE2VjZHNhLXNoYTItbmlzdHA1MjEAAAAIbmlzdHA1MjEAAACFBAFQSR2sa7zV8Y7FnAff7GcOX2pSKUbhtmUmlQYB6FBEvktrtrsO9Hl/cNKabWaoVo9QAKbw0yQYy/PUkPGq6/k22ABRDMu5Y7Y03MQxAmeNhGrZNG/sjlHtkuKV1Dc5s/wqmmIu75ybJG6AHrEBiNsbG+Id4IkFUQAyknhR2aTIfS+sgg== root@7d2d95265a24"
            },
            "cpu": 1,
            "cpumodel": [],
            "default_tags": {},
            "description": "Load Balancer VM",
            "disk": [
              {
                "cache": "",
                "computed_cache": "",
                "computed_dev_prefix": "sd",
                "computed_discard": "",
                "computed_driver": "raw",
                "computed_io": "",
                "computed_size": 12000,
                "computed_target": "vda",
                "computed_volatile_format": "raw",
                "dev_prefix": "",
                "discard": "",
                "disk_id": 0,
                "driver": "",
                "image_id": 687,
                "io": "",
                "size": 12000,
                "target": "vda",
                "volatile_format": "",
                "volatile_type": ""
              }
            ],
            "gid": 1,
            "gname": "users",
            "graphics": [
              {
                "keymap": "en-us",
                "listen": "0.0.0.0",
                "passwd": "",
                "port": "11051",
                "random_passwd": false,
                "type": "vnc"
              }
            ],
            "group": "users",
            "hard_shutdown": false,
            "id": "5151",
            "ip": "147.228.173.182",
            "keep_nic_order": null,
            "lcmstate": 3,
            "lock": null,
            "memory": 2048,
            "name": "load-balancer",
            "nic": [
              {
                "computed_dns": "147.228.3.3",
                "computed_gateway": "147.228.173.1",
                "computed_ip": "147.228.173.182",
                "computed_mac": "52:54:00:17:30:b6",
                "computed_method": "",
                "computed_model": "",
                "computed_physical_device": "bond1",
                "computed_security_groups": [],
                "computed_virtio_queues": "",
                "dns": "",
                "gateway": "",
                "ip": "",
                "mac": "",
                "method": "",
                "model": "",
                "network": "vlan173",
                "network_id": 3,
                "network_mode_auto": false,
                "nic_id": 0,
                "physical_device": "",
                "sched_rank": "",
                "sched_requirements": "",
                "security_groups": null,
                "virtio_queues": ""
              }
            ],
            "on_disk_change": "swap",
            "os": [
              {
                "arch": "x86_64",
                "boot": "disk0"
              }
            ],
            "pending": false,
            "permissions": "600",
            "raw": [],
            "sched_ds_requirements": "",
            "sched_requirements": "",
            "state": 3,
            "tags": {
              "role": "load-balancer"
            },
            "tags_all": {
              "role": "load-balancer"
            },
            "template_disk": [],
            "template_id": -1,
            "template_nic": [],
            "template_section": [],
            "template_section_names": {},
            "template_tags": {},
            "timeout": 20,
            "timeouts": null,
            "uid": 418,
            "uname": "rosa",
            "vcpu": 1,
            "vmgroup": null
          },
          "sensitive_attributes": [],
          "private": "eyJlMmJmYjczMC1lY2FhLTExZTYtOGY4OC0zNDM2M2JjN2M0YzAiOnsiY3JlYXRlIjoxMjAwMDAwMDAwMDAwLCJkZWxldGUiOjEyMDAwMDAwMDAwMDAsInVwZGF0ZSI6MTIwMDAwMDAwMDAwMH19"
        }
      ]
    }
  ],
  "check_results": null
}
