{
  "version": 4,
  "terraform_version": "1.9.6",
  "serial": 45,
  "lineage": "015d45cc-0871-3436-b6f8-03cccb57912a",
  "outputs": {
    "backend_nodes": {
      "value": [
        "147.228.173.181",
        "147.228.173.67",
        "147.228.173.20"
      ],
      "type": [
        "tuple",
        [
          "string",
          "string",
          "string"
        ]
      ]
    },
    "load-balancer": {
      "value": [
        "147.228.173.166"
      ],
      "type": [
        "tuple",
        [
          "string"
        ]
      ]
    }
  },
  "resources": [
    {
      "mode": "managed",
      "type": "local_file",
      "name": "hosts_cfg",
      "provider": "provider[\"registry.terraform.io/hashicorp/local\"]",
      "instances": [
        {
          "schema_version": 0,
          "attributes": {
            "content": "[load-balancer]\n147.228.173.166\n\n[backend]\n147.228.173.181\n147.228.173.67\n147.228.173.20\n\n[all:vars]\nansible_user=root",
            "content_base64": null,
            "content_base64sha256": "o4dAVvHWFK2JPvNFq9CacpsDoiCiYiOUKhaA3Jl9UjQ=",
            "content_base64sha512": "1ihHcaSenI0Hgytsxh+rttRxEIY60cE9HWX0gCagQAKGOHr9xI0/1Apk+85n9SEzUB6CuSKHuIfAzubiUroFJQ==",
            "content_md5": "bf55d3e45e69685cafcf75b070541f0e",
            "content_sha1": "096058f0501cd8553a0bc2762790067613d0a98b",
            "content_sha256": "a3874056f1d614ad893ef345abd09a729b03a220a26223942a1680dc997d5234",
            "content_sha512": "d6284771a49e9c8d07832b6cc61fabb6d47110863ad1c13d1d65f48026a0400286387afdc48d3fd40a64fbce67f52133501e82b92287b887c0cee6e252ba0525",
            "directory_permission": "0777",
            "file_permission": "0777",
            "filename": "./dynamic_inventories/cluster",
            "id": "096058f0501cd8553a0bc2762790067613d0a98b",
            "sensitive_content": null,
            "source": null
          },
          "sensitive_attributes": [
            [
              {
                "type": "get_attr",
                "value": "sensitive_content"
              }
            ]
          ],
          "dependencies": [
            "opennebula_virtual_machine.backend-node",
            "opennebula_virtual_machine.load-balancer"
          ]
        }
      ]
    },
    {
      "mode": "managed",
      "type": "local_file",
      "name": "nginx_cfg",
      "provider": "provider[\"registry.terraform.io/hashicorp/local\"]",
      "instances": [
        {
          "schema_version": 0,
          "attributes": {
            "content": "events {}\nhttp {\n    upstream backends {\n                server 147.228.173.181:5000;\n                server 147.228.173.67:5000;\n                server 147.228.173.20:5000;\n            }\n\n    server {\n        listen 80;\n\n        location / {\n            proxy_pass http://backends;\n        }\n    }\n}",
            "content_base64": null,
            "content_base64sha256": "GUiifqEUGDOuDe79M7Kzv45N9NmXIze2i6/uRhWBUTg=",
            "content_base64sha512": "szFPq0xIJZvPKmWNV2bmBMJeJTYZsSs920Fv78hOM3AylU0LB09/DahR5wrlgB++YVoD52/ruypq3FDAlLnttw==",
            "content_md5": "edf500a9ae7d018b9813cf54253e1481",
            "content_sha1": "c5dd70c35f8b399e69d448c7cd92951d6229a7ca",
            "content_sha256": "1948a27ea1141833ae0deefd33b2b3bf8e4df4d9972337b68bafee4615815138",
            "content_sha512": "b3314fab4c48259bcf2a658d5766e604c25e253619b12b3ddb416fefc84e337032954d0b074f7f0da851e70ae5801fbe615a03e76febbb2a6adc50c094b9edb7",
            "directory_permission": "0777",
            "file_permission": "0777",
            "filename": "./ansible/roles/load-balancer/files/nginx.conf",
            "id": "c5dd70c35f8b399e69d448c7cd92951d6229a7ca",
            "sensitive_content": null,
            "source": null
          },
          "sensitive_attributes": [
            [
              {
                "type": "get_attr",
                "value": "sensitive_content"
              }
            ]
          ],
          "dependencies": [
            "opennebula_virtual_machine.backend-node"
          ]
        }
      ]
    },
    {
      "mode": "managed",
      "type": "opennebula_virtual_machine",
      "name": "backend-node",
      "provider": "provider[\"registry.terraform.io/opennebula/opennebula\"]",
      "instances": [
        {
          "index_key": 0,
          "schema_version": 0,
          "attributes": {
            "context": {
              "HOSTNAME": "$NAME",
              "NETWORK": "YES",
              "SSH_PUBLIC_KEY": "ecdsa-sha2-nistp521 AAAAE2VjZHNhLXNoYTItbmlzdHA1MjEAAAAIbmlzdHA1MjEAAACFBAFQSR2sa7zV8Y7FnAff7GcOX2pSKUbhtmUmlQYB6FBEvktrtrsO9Hl/cNKabWaoVo9QAKbw0yQYy/PUkPGq6/k22ABRDMu5Y7Y03MQxAmeNhGrZNG/sjlHtkuKV1Dc5s/wqmmIu75ybJG6AHrEBiNsbG+Id4IkFUQAyknhR2aTIfS+sgg== root@7d2d95265a24"
            },
            "cpu": 1,
            "cpumodel": [],
            "default_tags": {},
            "description": "Backend node VM #1",
            "disk": [
              {
                "cache": "",
                "computed_cache": "",
                "computed_dev_prefix": "sd",
                "computed_discard": "",
                "computed_driver": "raw",
                "computed_io": "",
                "computed_size": 12000,
                "computed_target": "vda",
                "computed_volatile_format": "raw",
                "dev_prefix": "",
                "discard": "",
                "disk_id": 0,
                "driver": "",
                "image_id": 687,
                "io": "",
                "size": 12000,
                "target": "vda",
                "volatile_format": "",
                "volatile_type": ""
              }
            ],
            "gid": 1,
            "gname": "users",
            "graphics": [
              {
                "keymap": "en-us",
                "listen": "0.0.0.0",
                "passwd": "",
                "port": "11115",
                "random_passwd": false,
                "type": "vnc"
              }
            ],
            "group": "users",
            "hard_shutdown": false,
            "id": "5215",
            "ip": "147.228.173.181",
            "keep_nic_order": null,
            "lcmstate": 3,
            "lock": null,
            "memory": 2048,
            "name": "backend-node-1",
            "nic": [
              {
                "computed_dns": "147.228.3.3",
                "computed_gateway": "147.228.173.1",
                "computed_ip": "147.228.173.181",
                "computed_mac": "52:54:00:17:30:b5",
                "computed_method": "",
                "computed_model": "",
                "computed_physical_device": "bond1",
                "computed_security_groups": [],
                "computed_virtio_queues": "",
                "dns": "",
                "gateway": "",
                "ip": "",
                "mac": "",
                "method": "",
                "model": "",
                "network": "vlan173",
                "network_id": 3,
                "network_mode_auto": false,
                "nic_id": 0,
                "physical_device": "",
                "sched_rank": "",
                "sched_requirements": "",
                "security_groups": null,
                "virtio_queues": ""
              }
            ],
            "on_disk_change": "swap",
            "os": [
              {
                "arch": "x86_64",
                "boot": "disk0"
              }
            ],
            "pending": false,
            "permissions": "600",
            "raw": [],
            "sched_ds_requirements": "",
            "sched_requirements": "",
            "state": 3,
            "tags": {
              "role": "backend"
            },
            "tags_all": {
              "role": "backend"
            },
            "template_disk": [],
            "template_id": -1,
            "template_nic": [],
            "template_section": [],
            "template_section_names": {},
            "template_tags": {},
            "timeout": 20,
            "timeouts": null,
            "uid": 418,
            "uname": "rosa",
            "vcpu": 1,
            "vmgroup": null
          },
          "sensitive_attributes": [],
          "private": "eyJlMmJmYjczMC1lY2FhLTExZTYtOGY4OC0zNDM2M2JjN2M0YzAiOnsiY3JlYXRlIjoxMjAwMDAwMDAwMDAwLCJkZWxldGUiOjEyMDAwMDAwMDAwMDAsInVwZGF0ZSI6MTIwMDAwMDAwMDAwMH19"
        },
        {
          "index_key": 1,
          "schema_version": 0,
          "attributes": {
            "context": {
              "HOSTNAME": "$NAME",
              "NETWORK": "YES",
              "SSH_PUBLIC_KEY": "ecdsa-sha2-nistp521 AAAAE2VjZHNhLXNoYTItbmlzdHA1MjEAAAAIbmlzdHA1MjEAAACFBAFQSR2sa7zV8Y7FnAff7GcOX2pSKUbhtmUmlQYB6FBEvktrtrsO9Hl/cNKabWaoVo9QAKbw0yQYy/PUkPGq6/k22ABRDMu5Y7Y03MQxAmeNhGrZNG/sjlHtkuKV1Dc5s/wqmmIu75ybJG6AHrEBiNsbG+Id4IkFUQAyknhR2aTIfS+sgg== root@7d2d95265a24"
            },
            "cpu": 1,
            "cpumodel": [],
            "default_tags": {},
            "description": "Backend node VM #2",
            "disk": [
              {
                "cache": "",
                "computed_cache": "",
                "computed_dev_prefix": "sd",
                "computed_discard": "",
                "computed_driver": "raw",
                "computed_io": "",
                "computed_size": 12000,
                "computed_target": "vda",
                "computed_volatile_format": "raw",
                "dev_prefix": "",
                "discard": "",
                "disk_id": 0,
                "driver": "",
                "image_id": 687,
                "io": "",
                "size": 12000,
                "target": "vda",
                "volatile_format": "",
                "volatile_type": ""
              }
            ],
            "gid": 1,
            "gname": "users",
            "graphics": [
              {
                "keymap": "en-us",
                "listen": "0.0.0.0",
                "passwd": "",
                "port": "11113",
                "random_passwd": false,
                "type": "vnc"
              }
            ],
            "group": "users",
            "hard_shutdown": false,
            "id": "5213",
            "ip": "147.228.173.67",
            "keep_nic_order": null,
            "lcmstate": 3,
            "lock": null,
            "memory": 2048,
            "name": "backend-node-2",
            "nic": [
              {
                "computed_dns": "147.228.3.3",
                "computed_gateway": "147.228.173.1",
                "computed_ip": "147.228.173.67",
                "computed_mac": "52:54:00:17:30:43",
                "computed_method": "",
                "computed_model": "",
                "computed_physical_device": "bond1",
                "computed_security_groups": [],
                "computed_virtio_queues": "",
                "dns": "",
                "gateway": "",
                "ip": "",
                "mac": "",
                "method": "",
                "model": "",
                "network": "vlan173",
                "network_id": 3,
                "network_mode_auto": false,
                "nic_id": 0,
                "physical_device": "",
                "sched_rank": "",
                "sched_requirements": "",
                "security_groups": null,
                "virtio_queues": ""
              }
            ],
            "on_disk_change": "swap",
            "os": [
              {
                "arch": "x86_64",
                "boot": "disk0"
              }
            ],
            "pending": false,
            "permissions": "600",
            "raw": [],
            "sched_ds_requirements": "",
            "sched_requirements": "",
            "state": 3,
            "tags": {
              "role": "backend"
            },
            "tags_all": {
              "role": "backend"
            },
            "template_disk": [],
            "template_id": -1,
            "template_nic": [],
            "template_section": [],
            "template_section_names": {},
            "template_tags": {},
            "timeout": 20,
            "timeouts": null,
            "uid": 418,
            "uname": "rosa",
            "vcpu": 1,
            "vmgroup": null
          },
          "sensitive_attributes": [],
          "private": "eyJlMmJmYjczMC1lY2FhLTExZTYtOGY4OC0zNDM2M2JjN2M0YzAiOnsiY3JlYXRlIjoxMjAwMDAwMDAwMDAwLCJkZWxldGUiOjEyMDAwMDAwMDAwMDAsInVwZGF0ZSI6MTIwMDAwMDAwMDAwMH19"
        },
        {
          "index_key": 2,
          "schema_version": 0,
          "attributes": {
            "context": {
              "HOSTNAME": "$NAME",
              "NETWORK": "YES",
              "SSH_PUBLIC_KEY": "ecdsa-sha2-nistp521 AAAAE2VjZHNhLXNoYTItbmlzdHA1MjEAAAAIbmlzdHA1MjEAAACFBAFQSR2sa7zV8Y7FnAff7GcOX2pSKUbhtmUmlQYB6FBEvktrtrsO9Hl/cNKabWaoVo9QAKbw0yQYy/PUkPGq6/k22ABRDMu5Y7Y03MQxAmeNhGrZNG/sjlHtkuKV1Dc5s/wqmmIu75ybJG6AHrEBiNsbG+Id4IkFUQAyknhR2aTIfS+sgg== root@7d2d95265a24"
            },
            "cpu": 1,
            "cpumodel": [],
            "default_tags": {},
            "description": "Backend node VM #3",
            "disk": [
              {
                "cache": "",
                "computed_cache": "",
                "computed_dev_prefix": "sd",
                "computed_discard": "",
                "computed_driver": "raw",
                "computed_io": "",
                "computed_size": 12000,
                "computed_target": "vda",
                "computed_volatile_format": "raw",
                "dev_prefix": "",
                "discard": "",
                "disk_id": 0,
                "driver": "",
                "image_id": 687,
                "io": "",
                "size": 12000,
                "target": "vda",
                "volatile_format": "",
                "volatile_type": ""
              }
            ],
            "gid": 1,
            "gname": "users",
            "graphics": [
              {
                "keymap": "en-us",
                "listen": "0.0.0.0",
                "passwd": "",
                "port": "11112",
                "random_passwd": false,
                "type": "vnc"
              }
            ],
            "group": "users",
            "hard_shutdown": false,
            "id": "5212",
            "ip": "147.228.173.20",
            "keep_nic_order": null,
            "lcmstate": 3,
            "lock": null,
            "memory": 2048,
            "name": "backend-node-3",
            "nic": [
              {
                "computed_dns": "147.228.3.3",
                "computed_gateway": "147.228.173.1",
                "computed_ip": "147.228.173.20",
                "computed_mac": "52:54:00:17:30:14",
                "computed_method": "",
                "computed_model": "",
                "computed_physical_device": "bond1",
                "computed_security_groups": [],
                "computed_virtio_queues": "",
                "dns": "",
                "gateway": "",
                "ip": "",
                "mac": "",
                "method": "",
                "model": "",
                "network": "vlan173",
                "network_id": 3,
                "network_mode_auto": false,
                "nic_id": 0,
                "physical_device": "",
                "sched_rank": "",
                "sched_requirements": "",
                "security_groups": null,
                "virtio_queues": ""
              }
            ],
            "on_disk_change": "swap",
            "os": [
              {
                "arch": "x86_64",
                "boot": "disk0"
              }
            ],
            "pending": false,
            "permissions": "600",
            "raw": [],
            "sched_ds_requirements": "",
            "sched_requirements": "",
            "state": 3,
            "tags": {
              "role": "backend"
            },
            "tags_all": {
              "role": "backend"
            },
            "template_disk": [],
            "template_id": -1,
            "template_nic": [],
            "template_section": [],
            "template_section_names": {},
            "template_tags": {},
            "timeout": 20,
            "timeouts": null,
            "uid": 418,
            "uname": "rosa",
            "vcpu": 1,
            "vmgroup": null
          },
          "sensitive_attributes": [],
          "private": "eyJlMmJmYjczMC1lY2FhLTExZTYtOGY4OC0zNDM2M2JjN2M0YzAiOnsiY3JlYXRlIjoxMjAwMDAwMDAwMDAwLCJkZWxldGUiOjEyMDAwMDAwMDAwMDAsInVwZGF0ZSI6MTIwMDAwMDAwMDAwMH19"
        }
      ]
    },
    {
      "mode": "managed",
      "type": "opennebula_virtual_machine",
      "name": "load-balancer",
      "provider": "provider[\"registry.terraform.io/opennebula/opennebula\"]",
      "instances": [
        {
          "schema_version": 0,
          "attributes": {
            "context": {
              "HOSTNAME": "$NAME",
              "NETWORK": "YES",
              "SSH_PUBLIC_KEY": "ecdsa-sha2-nistp521 AAAAE2VjZHNhLXNoYTItbmlzdHA1MjEAAAAIbmlzdHA1MjEAAACFBAFQSR2sa7zV8Y7FnAff7GcOX2pSKUbhtmUmlQYB6FBEvktrtrsO9Hl/cNKabWaoVo9QAKbw0yQYy/PUkPGq6/k22ABRDMu5Y7Y03MQxAmeNhGrZNG/sjlHtkuKV1Dc5s/wqmmIu75ybJG6AHrEBiNsbG+Id4IkFUQAyknhR2aTIfS+sgg== root@7d2d95265a24"
            },
            "cpu": 1,
            "cpumodel": [],
            "default_tags": {},
            "description": "Load Balancer VM",
            "disk": [
              {
                "cache": "",
                "computed_cache": "",
                "computed_dev_prefix": "sd",
                "computed_discard": "",
                "computed_driver": "raw",
                "computed_io": "",
                "computed_size": 12000,
                "computed_target": "vda",
                "computed_volatile_format": "raw",
                "dev_prefix": "",
                "discard": "",
                "disk_id": 0,
                "driver": "",
                "image_id": 687,
                "io": "",
                "size": 12000,
                "target": "vda",
                "volatile_format": "",
                "volatile_type": ""
              }
            ],
            "gid": 1,
            "gname": "users",
            "graphics": [
              {
                "keymap": "en-us",
                "listen": "0.0.0.0",
                "passwd": "",
                "port": "11114",
                "random_passwd": false,
                "type": "vnc"
              }
            ],
            "group": "users",
            "hard_shutdown": false,
            "id": "5214",
            "ip": "147.228.173.166",
            "keep_nic_order": null,
            "lcmstate": 3,
            "lock": null,
            "memory": 2048,
            "name": "load-balancer",
            "nic": [
              {
                "computed_dns": "147.228.3.3",
                "computed_gateway": "147.228.173.1",
                "computed_ip": "147.228.173.166",
                "computed_mac": "52:54:00:17:30:a6",
                "computed_method": "",
                "computed_model": "",
                "computed_physical_device": "bond1",
                "computed_security_groups": [],
                "computed_virtio_queues": "",
                "dns": "",
                "gateway": "",
                "ip": "",
                "mac": "",
                "method": "",
                "model": "",
                "network": "vlan173",
                "network_id": 3,
                "network_mode_auto": false,
                "nic_id": 0,
                "physical_device": "",
                "sched_rank": "",
                "sched_requirements": "",
                "security_groups": null,
                "virtio_queues": ""
              }
            ],
            "on_disk_change": "swap",
            "os": [
              {
                "arch": "x86_64",
                "boot": "disk0"
              }
            ],
            "pending": false,
            "permissions": "600",
            "raw": [],
            "sched_ds_requirements": "",
            "sched_requirements": "",
            "state": 3,
            "tags": {
              "role": "load-balancer"
            },
            "tags_all": {
              "role": "load-balancer"
            },
            "template_disk": [],
            "template_id": -1,
            "template_nic": [],
            "template_section": [],
            "template_section_names": {},
            "template_tags": {},
            "timeout": 20,
            "timeouts": null,
            "uid": 418,
            "uname": "rosa",
            "vcpu": 1,
            "vmgroup": null
          },
          "sensitive_attributes": [],
          "private": "eyJlMmJmYjczMC1lY2FhLTExZTYtOGY4OC0zNDM2M2JjN2M0YzAiOnsiY3JlYXRlIjoxMjAwMDAwMDAwMDAwLCJkZWxldGUiOjEyMDAwMDAwMDAwMDAsInVwZGF0ZSI6MTIwMDAwMDAwMDAwMH19"
        }
      ]
    }
  ],
  "check_results": null
}
