{
  "version": 4,
  "terraform_version": "1.9.6",
  "serial": 52,
  "lineage": "015d45cc-0871-3436-b6f8-03cccb57912a",
  "outputs": {},
  "resources": [
    {
      "mode": "managed",
      "type": "opennebula_virtual_machine",
      "name": "backend-node",
      "provider": "provider[\"registry.terraform.io/opennebula/opennebula\"]",
      "instances": [
        {
          "index_key": 2,
          "schema_version": 0,
          "attributes": {
            "context": {
              "HOSTNAME": "$NAME",
              "NETWORK": "YES",
              "SSH_PUBLIC_KEY": "ecdsa-sha2-nistp521 AAAAE2VjZHNhLXNoYTItbmlzdHA1MjEAAAAIbmlzdHA1MjEAAACFBAFQSR2sa7zV8Y7FnAff7GcOX2pSKUbhtmUmlQYB6FBEvktrtrsO9Hl/cNKabWaoVo9QAKbw0yQYy/PUkPGq6/k22ABRDMu5Y7Y03MQxAmeNhGrZNG/sjlHtkuKV1Dc5s/wqmmIu75ybJG6AHrEBiNsbG+Id4IkFUQAyknhR2aTIfS+sgg== root@7d2d95265a24"
            },
            "cpu": 1,
            "cpumodel": [],
            "default_tags": {},
            "description": "Backend node VM #3",
            "disk": [
              {
                "cache": "",
                "computed_cache": "",
                "computed_dev_prefix": "sd",
                "computed_discard": "",
                "computed_driver": "raw",
                "computed_io": "",
                "computed_size": 12000,
                "computed_target": "vda",
                "computed_volatile_format": "raw",
                "dev_prefix": "",
                "discard": "",
                "disk_id": 0,
                "driver": "",
                "image_id": 687,
                "io": "",
                "size": 12000,
                "target": "vda",
                "volatile_format": "",
                "volatile_type": ""
              }
            ],
            "gid": 1,
            "gname": "users",
            "graphics": [
              {
                "keymap": "en-us",
                "listen": "0.0.0.0",
                "passwd": "",
                "port": "11112",
                "random_passwd": false,
                "type": "vnc"
              }
            ],
            "group": "users",
            "hard_shutdown": false,
            "id": "5212",
            "ip": "147.228.173.20",
            "keep_nic_order": null,
            "lcmstate": 3,
            "lock": null,
            "memory": 2048,
            "name": "backend-node-3",
            "nic": [
              {
                "computed_dns": "147.228.3.3",
                "computed_gateway": "147.228.173.1",
                "computed_ip": "147.228.173.20",
                "computed_mac": "52:54:00:17:30:14",
                "computed_method": "",
                "computed_model": "",
                "computed_physical_device": "bond1",
                "computed_security_groups": [],
                "computed_virtio_queues": "",
                "dns": "",
                "gateway": "",
                "ip": "",
                "mac": "",
                "method": "",
                "model": "",
                "network": "vlan173",
                "network_id": 3,
                "network_mode_auto": false,
                "nic_id": 0,
                "physical_device": "",
                "sched_rank": "",
                "sched_requirements": "",
                "security_groups": [],
                "virtio_queues": ""
              }
            ],
            "on_disk_change": "swap",
            "os": [
              {
                "arch": "x86_64",
                "boot": "disk0"
              }
            ],
            "pending": false,
            "permissions": "600",
            "raw": [],
            "sched_ds_requirements": "",
            "sched_requirements": "",
            "state": 3,
            "tags": {
              "role": "backend"
            },
            "tags_all": {
              "role": "backend"
            },
            "template_disk": [],
            "template_id": -1,
            "template_nic": [],
            "template_section": [],
            "template_section_names": {},
            "template_tags": {},
            "timeout": 20,
            "timeouts": null,
            "uid": 418,
            "uname": "rosa",
            "vcpu": 1,
            "vmgroup": []
          },
          "sensitive_attributes": [],
          "private": "eyJlMmJmYjczMC1lY2FhLTExZTYtOGY4OC0zNDM2M2JjN2M0YzAiOnsiY3JlYXRlIjoxMjAwMDAwMDAwMDAwLCJkZWxldGUiOjEyMDAwMDAwMDAwMDAsInVwZGF0ZSI6MTIwMDAwMDAwMDAwMH19"
        }
      ]
    }
  ],
  "check_results": null
}
